
Microsoft Visual Studio Solution File, Format Version 12.00
# Visual Studio Version 17
VisualStudioVersion = 17.5.33502.453
MinimumVisualStudioVersion = 10.0.40219.1
Project("{FAE04EC0-301F-11D3-BF4B-00C04F79EFBC}") = "PC_Build_Games", "PC_Build_Games\PC_Build_Games.csproj", "{50BDB2C7-54E3-4BFB-88B9-E0A8C04A6360}"
EndProject
Project("{FAE04EC0-301F-11D3-BF4B-00C04F79EFBC}") = "SQL", "\main\RDP\31П\БеловРА\Downloads\SQL-master\SQL\SQL.csproj", "{54AC7A84-10A0-496E-B251-3024790CD80A}"
EndProject
Global
	GlobalSection(SolutionConfigurationPlatforms) = preSolution
		Debug|Any CPU = Debug|Any CPU
		Release|Any CPU = Release|Any CPU
	EndGlobalSection
	GlobalSection(ProjectConfigurationPlatforms) = postSolution
		{50BDB2C7-54E3-4BFB-88B9-E0A8C04A6360}.Debug|Any CPU.ActiveCfg = Debug|Any CPU
		{50BDB2C7-54E3-4BFB-88B9-E0A8C04A6360}.Debug|Any CPU.Build.0 = Debug|Any CPU
		{50BDB2C7-54E3-4BFB-88B9-E0A8C04A6360}.Release|Any CPU.ActiveCfg = Release|Any CPU
		{50BDB2C7-54E3-4BFB-88B9-E0A8C04A6360}.Release|Any CPU.Build.0 = Release|Any CPU
		{54AC7A84-10A0-496E-B251-3024790CD80A}.Debug|Any CPU.ActiveCfg = Debug|Any CPU
		{54AC7A84-10A0-496E-B251-3024790CD80A}.Debug|Any CPU.Build.0 = Debug|Any CPU
		{54AC7A84-10A0-496E-B251-3024790CD80A}.Release|Any CPU.ActiveCfg = Release|Any CPU
		{54AC7A84-10A0-496E-B251-3024790CD80A}.Release|Any CPU.Build.0 = Release|Any CPU
	EndGlobalSection
	GlobalSection(SolutionProperties) = preSolution
		HideSolutionNode = FALSE
	EndGlobalSection
	GlobalSection(ExtensibilityGlobals) = postSolution
		SolutionGuid = {FC62A2BB-F8DE-4640-B6D3-5774AAA86225}
	EndGlobalSection
EndGlobal
